
Microsoft Visual Studio Solution File, Format Version 12.00
# Visual Studio Version 16
VisualStudioVersion = 16.0.29424.173
MinimumVisualStudioVersion = 10.0.40219.1
Project("{FAE04EC0-301F-11D3-BF4B-00C04F79EFBC}") = "lab3ex9", "lab3ex9\lab3ex9.csproj", "{79F075B7-A50A-4E8C-ABEA-EE9606131158}"
EndProject
Global
	GlobalSection(SolutionConfigurationPlatforms) = preSolution
		Debug|Any CPU = Debug|Any CPU
		Release|Any CPU = Release|Any CPU
	EndGlobalSection
	GlobalSection(ProjectConfigurationPlatforms) = postSolution
		{79F075B7-A50A-4E8C-ABEA-EE9606131158}.Debug|Any CPU.ActiveCfg = Debug|Any CPU
		{79F075B7-A50A-4E8C-ABEA-EE9606131158}.Debug|Any CPU.Build.0 = Debug|Any CPU
		{79F075B7-A50A-4E8C-ABEA-EE9606131158}.Release|Any CPU.ActiveCfg = Release|Any CPU
		{79F075B7-A50A-4E8C-ABEA-EE9606131158}.Release|Any CPU.Build.0 = Release|Any CPU
	EndGlobalSection
	GlobalSection(SolutionProperties) = preSolution
		HideSolutionNode = FALSE
	EndGlobalSection
	GlobalSection(ExtensibilityGlobals) = postSolution
		SolutionGuid = {605E355F-9944-4DEF-87A5-A35A87FB8966}
	EndGlobalSection
EndGlobal
